
Microsoft Visual Studio Solution File, Format Version 12.00
# Visual Studio Version 16
VisualStudioVersion = 16.0.29411.108
MinimumVisualStudioVersion = 10.0.40219.1
Project("{FAE04EC0-301F-11D3-BF4B-00C04F79EFBC}") = "File-Input-Output", "File-Input-Output\File-Input-Output.csproj", "{52C83923-4770-4871-8A4F-5E975EDCD928}"
EndProject
Global
	GlobalSection(SolutionConfigurationPlatforms) = preSolution
		Debug|Any CPU = Debug|Any CPU
		Release|Any CPU = Release|Any CPU
	EndGlobalSection
	GlobalSection(ProjectConfigurationPlatforms) = postSolution
		{52C83923-4770-4871-8A4F-5E975EDCD928}.Debug|Any CPU.ActiveCfg = Debug|Any CPU
		{52C83923-4770-4871-8A4F-5E975EDCD928}.Debug|Any CPU.Build.0 = Debug|Any CPU
		{52C83923-4770-4871-8A4F-5E975EDCD928}.Release|Any CPU.ActiveCfg = Release|Any CPU
		{52C83923-4770-4871-8A4F-5E975EDCD928}.Release|Any CPU.Build.0 = Release|Any CPU
	EndGlobalSection
	GlobalSection(SolutionProperties) = preSolution
		HideSolutionNode = FALSE
	EndGlobalSection
	GlobalSection(ExtensibilityGlobals) = postSolution
		SolutionGuid = {84B89312-BABA-4677-A642-965FE359A086}
	EndGlobalSection
EndGlobal
