
Microsoft Visual Studio Solution File, Format Version 12.00
# Visual Studio Version 16
VisualStudioVersion = 16.0.29418.71
MinimumVisualStudioVersion = 10.0.40219.1
Project("{FAE04EC0-301F-11D3-BF4B-00C04F79EFBC}") = "AdoInsertDeleteRecords", "AdoInsertDeleteRecords\AdoInsertDeleteRecords.csproj", "{3050502C-1921-47B1-90B0-211AE6FE6518}"
EndProject
Global
	GlobalSection(SolutionConfigurationPlatforms) = preSolution
		Debug|Any CPU = Debug|Any CPU
		Release|Any CPU = Release|Any CPU
	EndGlobalSection
	GlobalSection(ProjectConfigurationPlatforms) = postSolution
		{3050502C-1921-47B1-90B0-211AE6FE6518}.Debug|Any CPU.ActiveCfg = Debug|Any CPU
		{3050502C-1921-47B1-90B0-211AE6FE6518}.Debug|Any CPU.Build.0 = Debug|Any CPU
		{3050502C-1921-47B1-90B0-211AE6FE6518}.Release|Any CPU.ActiveCfg = Release|Any CPU
		{3050502C-1921-47B1-90B0-211AE6FE6518}.Release|Any CPU.Build.0 = Release|Any CPU
	EndGlobalSection
	GlobalSection(SolutionProperties) = preSolution
		HideSolutionNode = FALSE
	EndGlobalSection
	GlobalSection(ExtensibilityGlobals) = postSolution
		SolutionGuid = {2DF02EA1-8976-49E5-9482-F180AAAAFDB4}
	EndGlobalSection
EndGlobal
