
Microsoft Visual Studio Solution File, Format Version 12.00
# Visual Studio Version 16
VisualStudioVersion = 16.0.29403.142
MinimumVisualStudioVersion = 10.0.40219.1
Project("{FAE04EC0-301F-11D3-BF4B-00C04F79EFBC}") = "MultiThreading", "MultiThreading\MultiThreading.csproj", "{8CEBC813-298D-480D-8EC5-46E6F0BEE665}"
EndProject
Global
	GlobalSection(SolutionConfigurationPlatforms) = preSolution
		Debug|Any CPU = Debug|Any CPU
		Release|Any CPU = Release|Any CPU
	EndGlobalSection
	GlobalSection(ProjectConfigurationPlatforms) = postSolution
		{8CEBC813-298D-480D-8EC5-46E6F0BEE665}.Debug|Any CPU.ActiveCfg = Debug|Any CPU
		{8CEBC813-298D-480D-8EC5-46E6F0BEE665}.Debug|Any CPU.Build.0 = Debug|Any CPU
		{8CEBC813-298D-480D-8EC5-46E6F0BEE665}.Release|Any CPU.ActiveCfg = Release|Any CPU
		{8CEBC813-298D-480D-8EC5-46E6F0BEE665}.Release|Any CPU.Build.0 = Release|Any CPU
	EndGlobalSection
	GlobalSection(SolutionProperties) = preSolution
		HideSolutionNode = FALSE
	EndGlobalSection
	GlobalSection(ExtensibilityGlobals) = postSolution
		SolutionGuid = {42A038B1-7FA6-4D88-B52D-ADB073F5A24D}
	EndGlobalSection
EndGlobal
