
Microsoft Visual Studio Solution File, Format Version 12.00
# Visual Studio Version 16
VisualStudioVersion = 16.0.29326.143
MinimumVisualStudioVersion = 10.0.40219.1
Project("{FAE04EC0-301F-11D3-BF4B-00C04F79EFBC}") = "Array", "Array\Array.csproj", "{A5B66276-FF4C-4F15-A358-1C608D330DD9}"
EndProject
Global
	GlobalSection(SolutionConfigurationPlatforms) = preSolution
		Debug|Any CPU = Debug|Any CPU
		Release|Any CPU = Release|Any CPU
	EndGlobalSection
	GlobalSection(ProjectConfigurationPlatforms) = postSolution
		{A5B66276-FF4C-4F15-A358-1C608D330DD9}.Debug|Any CPU.ActiveCfg = Debug|Any CPU
		{A5B66276-FF4C-4F15-A358-1C608D330DD9}.Debug|Any CPU.Build.0 = Debug|Any CPU
		{A5B66276-FF4C-4F15-A358-1C608D330DD9}.Release|Any CPU.ActiveCfg = Release|Any CPU
		{A5B66276-FF4C-4F15-A358-1C608D330DD9}.Release|Any CPU.Build.0 = Release|Any CPU
	EndGlobalSection
	GlobalSection(SolutionProperties) = preSolution
		HideSolutionNode = FALSE
	EndGlobalSection
	GlobalSection(ExtensibilityGlobals) = postSolution
		SolutionGuid = {F34ACE4F-DE55-46A7-B9A5-09D165D12D55}
	EndGlobalSection
EndGlobal
