
Microsoft Visual Studio Solution File, Format Version 12.00
# Visual Studio Version 16
VisualStudioVersion = 16.0.29403.142
MinimumVisualStudioVersion = 10.0.40219.1
Project("{FAE04EC0-301F-11D3-BF4B-00C04F79EFBC}") = "AsyncAwaitApp", "AsyncAwaitApp\AsyncAwaitApp.csproj", "{A8B374F9-D0F4-4598-8325-F3C9315EFB8A}"
EndProject
Global
	GlobalSection(SolutionConfigurationPlatforms) = preSolution
		Debug|Any CPU = Debug|Any CPU
		Release|Any CPU = Release|Any CPU
	EndGlobalSection
	GlobalSection(ProjectConfigurationPlatforms) = postSolution
		{A8B374F9-D0F4-4598-8325-F3C9315EFB8A}.Debug|Any CPU.ActiveCfg = Debug|Any CPU
		{A8B374F9-D0F4-4598-8325-F3C9315EFB8A}.Debug|Any CPU.Build.0 = Debug|Any CPU
		{A8B374F9-D0F4-4598-8325-F3C9315EFB8A}.Release|Any CPU.ActiveCfg = Release|Any CPU
		{A8B374F9-D0F4-4598-8325-F3C9315EFB8A}.Release|Any CPU.Build.0 = Release|Any CPU
	EndGlobalSection
	GlobalSection(SolutionProperties) = preSolution
		HideSolutionNode = FALSE
	EndGlobalSection
	GlobalSection(ExtensibilityGlobals) = postSolution
		SolutionGuid = {8816B9AF-CC6C-46EC-B6CE-8F9DD1BA950C}
	EndGlobalSection
EndGlobal
