
Microsoft Visual Studio Solution File, Format Version 12.00
# Visual Studio Version 16
VisualStudioVersion = 16.0.29326.143
MinimumVisualStudioVersion = 10.0.40219.1
Project("{FAE04EC0-301F-11D3-BF4B-00C04F79EFBC}") = "Enums", "Enums\Enums.csproj", "{138648CA-9D78-45E3-9CEC-E580A5D0D786}"
EndProject
Global
	GlobalSection(SolutionConfigurationPlatforms) = preSolution
		Debug|Any CPU = Debug|Any CPU
		Release|Any CPU = Release|Any CPU
	EndGlobalSection
	GlobalSection(ProjectConfigurationPlatforms) = postSolution
		{138648CA-9D78-45E3-9CEC-E580A5D0D786}.Debug|Any CPU.ActiveCfg = Debug|Any CPU
		{138648CA-9D78-45E3-9CEC-E580A5D0D786}.Debug|Any CPU.Build.0 = Debug|Any CPU
		{138648CA-9D78-45E3-9CEC-E580A5D0D786}.Release|Any CPU.ActiveCfg = Release|Any CPU
		{138648CA-9D78-45E3-9CEC-E580A5D0D786}.Release|Any CPU.Build.0 = Release|Any CPU
	EndGlobalSection
	GlobalSection(SolutionProperties) = preSolution
		HideSolutionNode = FALSE
	EndGlobalSection
	GlobalSection(ExtensibilityGlobals) = postSolution
		SolutionGuid = {77FFC473-CF50-406E-9123-0A2961165408}
	EndGlobalSection
EndGlobal
