
Microsoft Visual Studio Solution File, Format Version 12.00
# Visual Studio Version 16
VisualStudioVersion = 16.0.29403.142
MinimumVisualStudioVersion = 10.0.40219.1
Project("{FAE04EC0-301F-11D3-BF4B-00C04F79EFBC}") = "DelegateMultiCast", "DelegateMultiCast\DelegateMultiCast.csproj", "{BFDFFBC9-B4EA-4FC5-83D7-E43A2AB0E9F7}"
EndProject
Global
	GlobalSection(SolutionConfigurationPlatforms) = preSolution
		Debug|Any CPU = Debug|Any CPU
		Release|Any CPU = Release|Any CPU
	EndGlobalSection
	GlobalSection(ProjectConfigurationPlatforms) = postSolution
		{BFDFFBC9-B4EA-4FC5-83D7-E43A2AB0E9F7}.Debug|Any CPU.ActiveCfg = Debug|Any CPU
		{BFDFFBC9-B4EA-4FC5-83D7-E43A2AB0E9F7}.Debug|Any CPU.Build.0 = Debug|Any CPU
		{BFDFFBC9-B4EA-4FC5-83D7-E43A2AB0E9F7}.Release|Any CPU.ActiveCfg = Release|Any CPU
		{BFDFFBC9-B4EA-4FC5-83D7-E43A2AB0E9F7}.Release|Any CPU.Build.0 = Release|Any CPU
	EndGlobalSection
	GlobalSection(SolutionProperties) = preSolution
		HideSolutionNode = FALSE
	EndGlobalSection
	GlobalSection(ExtensibilityGlobals) = postSolution
		SolutionGuid = {DF834EA2-1BA5-4507-B55F-B456D24D546F}
	EndGlobalSection
EndGlobal
