
Microsoft Visual Studio Solution File, Format Version 12.00
# Visual Studio Version 16
VisualStudioVersion = 16.0.29418.71
MinimumVisualStudioVersion = 10.0.40219.1
Project("{FAE04EC0-301F-11D3-BF4B-00C04F79EFBC}") = "AdoApp", "AdoApp\AdoApp.csproj", "{DEDA90A7-CAD8-4760-9C54-14B5BD013A5D}"
EndProject
Global
	GlobalSection(SolutionConfigurationPlatforms) = preSolution
		Debug|Any CPU = Debug|Any CPU
		Release|Any CPU = Release|Any CPU
	EndGlobalSection
	GlobalSection(ProjectConfigurationPlatforms) = postSolution
		{DEDA90A7-CAD8-4760-9C54-14B5BD013A5D}.Debug|Any CPU.ActiveCfg = Debug|Any CPU
		{DEDA90A7-CAD8-4760-9C54-14B5BD013A5D}.Debug|Any CPU.Build.0 = Debug|Any CPU
		{DEDA90A7-CAD8-4760-9C54-14B5BD013A5D}.Release|Any CPU.ActiveCfg = Release|Any CPU
		{DEDA90A7-CAD8-4760-9C54-14B5BD013A5D}.Release|Any CPU.Build.0 = Release|Any CPU
	EndGlobalSection
	GlobalSection(SolutionProperties) = preSolution
		HideSolutionNode = FALSE
	EndGlobalSection
	GlobalSection(ExtensibilityGlobals) = postSolution
		SolutionGuid = {1297CC7E-8AE9-4997-BF5D-4C85DB208D5C}
	EndGlobalSection
EndGlobal
