
Microsoft Visual Studio Solution File, Format Version 12.00
# Visual Studio Version 16
VisualStudioVersion = 16.0.29418.71
MinimumVisualStudioVersion = 10.0.40219.1
Project("{FAE04EC0-301F-11D3-BF4B-00C04F79EFBC}") = "Ado.netStoredProcedures", "Ado.netStoredProcedures\Ado.netStoredProcedures.csproj", "{7F5EA028-8D55-4E24-8D56-78AFD5DEC90E}"
EndProject
Global
	GlobalSection(SolutionConfigurationPlatforms) = preSolution
		Debug|Any CPU = Debug|Any CPU
		Release|Any CPU = Release|Any CPU
	EndGlobalSection
	GlobalSection(ProjectConfigurationPlatforms) = postSolution
		{7F5EA028-8D55-4E24-8D56-78AFD5DEC90E}.Debug|Any CPU.ActiveCfg = Debug|Any CPU
		{7F5EA028-8D55-4E24-8D56-78AFD5DEC90E}.Debug|Any CPU.Build.0 = Debug|Any CPU
		{7F5EA028-8D55-4E24-8D56-78AFD5DEC90E}.Release|Any CPU.ActiveCfg = Release|Any CPU
		{7F5EA028-8D55-4E24-8D56-78AFD5DEC90E}.Release|Any CPU.Build.0 = Release|Any CPU
	EndGlobalSection
	GlobalSection(SolutionProperties) = preSolution
		HideSolutionNode = FALSE
	EndGlobalSection
	GlobalSection(ExtensibilityGlobals) = postSolution
		SolutionGuid = {4F30F7D9-C8ED-4E53-AB38-91204E1042DE}
	EndGlobalSection
EndGlobal
