
Microsoft Visual Studio Solution File, Format Version 12.00
# Visual Studio Version 16
VisualStudioVersion = 16.0.29403.142
MinimumVisualStudioVersion = 10.0.40219.1
Project("{FAE04EC0-301F-11D3-BF4B-00C04F79EFBC}") = "ArrayListConsoleApplication", "ArrayListConsoleApplication\ArrayListConsoleApplication.csproj", "{F127BD79-DA6C-4A88-AB00-3974AA32C41A}"
EndProject
Global
	GlobalSection(SolutionConfigurationPlatforms) = preSolution
		Debug|Any CPU = Debug|Any CPU
		Release|Any CPU = Release|Any CPU
	EndGlobalSection
	GlobalSection(ProjectConfigurationPlatforms) = postSolution
		{F127BD79-DA6C-4A88-AB00-3974AA32C41A}.Debug|Any CPU.ActiveCfg = Debug|Any CPU
		{F127BD79-DA6C-4A88-AB00-3974AA32C41A}.Debug|Any CPU.Build.0 = Debug|Any CPU
		{F127BD79-DA6C-4A88-AB00-3974AA32C41A}.Release|Any CPU.ActiveCfg = Release|Any CPU
		{F127BD79-DA6C-4A88-AB00-3974AA32C41A}.Release|Any CPU.Build.0 = Release|Any CPU
	EndGlobalSection
	GlobalSection(SolutionProperties) = preSolution
		HideSolutionNode = FALSE
	EndGlobalSection
	GlobalSection(ExtensibilityGlobals) = postSolution
		SolutionGuid = {D25536B6-29ED-41E3-B218-C3BE0AB128C4}
	EndGlobalSection
EndGlobal
